// !$*UTF8*$!
{
	archiveVersion = 1;
	classes = {
	};
	objectVersion = 56;
	objects = {

/* Begin PBXBuildFile section */
		39151A0D2A084315000114C8 /* AlarmModel.swift in Sources */ = {isa = PBXBuildFile; fileRef = 39151A0C2A084315000114C8 /* AlarmModel.swift */; };
		394960E32A09B1BA00925C2C /* Alarm sound effect.mp3 in Resources */ = {isa = PBXBuildFile; fileRef = 394960E22A09B1BA00925C2C /* Alarm sound effect.mp3 */; };
		395C169E29F5FBB40093855C /* Image Constants.swift in Sources */ = {isa = PBXBuildFile; fileRef = 395C169D29F5FBB40093855C /* Image Constants.swift */; };
		397C804329F5C41D007439BF /* LocalNotificationManager.swift in Sources */ = {isa = PBXBuildFile; fileRef = 397C804229F5C41D007439BF /* LocalNotificationManager.swift */; };
		397C804629F5C442007439BF /* EnableNotifications.swift in Sources */ = {isa = PBXBuildFile; fileRef = 397C804529F5C442007439BF /* EnableNotifications.swift */; };
		397C804829F5C474007439BF /* TerminationNotificationManager.swift in Sources */ = {isa = PBXBuildFile; fileRef = 397C804729F5C474007439BF /* TerminationNotificationManager.swift */; };
		397C804F29F5CFEB007439BF /* Alarm.swift in Sources */ = {isa = PBXBuildFile; fileRef = 397C804E29F5CFEB007439BF /* Alarm.swift */; };
		397C805129F5D018007439BF /* AlarmListViewModel.swift in Sources */ = {isa = PBXBuildFile; fileRef = 397C805029F5D018007439BF /* AlarmListViewModel.swift */; };
		39D5B2BE29FC276B0050F39A /* Sound Constants.swift in Sources */ = {isa = PBXBuildFile; fileRef = 39D5B2BD29FC276B0050F39A /* Sound Constants.swift */; };
		5CE2283F2A0AA00E00496BDA /* Collections in Frameworks */ = {isa = PBXBuildFile; productRef = 39EFADD129E7712700D09081 /* Collections */; };
		5CE228442A0AA09600496BDA /* TwilioManager.swift in Sources */ = {isa = PBXBuildFile; fileRef = 5CE228402A0AA09600496BDA /* TwilioManager.swift */; };
		5CE228452A0AA09600496BDA /* ContactsListView.swift in Sources */ = {isa = PBXBuildFile; fileRef = 5CE228412A0AA09600496BDA /* ContactsListView.swift */; };
		5CE228462A0AA09600496BDA /* VerificationTokenManager.swift in Sources */ = {isa = PBXBuildFile; fileRef = 5CE228422A0AA09600496BDA /* VerificationTokenManager.swift */; };
		5CE228472A0AA09600496BDA /* ContactsManager.swift in Sources */ = {isa = PBXBuildFile; fileRef = 5CE228432A0AA09600496BDA /* ContactsManager.swift */; };
		8D2A5BE429D0D7B60084FDCB /* Alarmer_TestApp.swift in Sources */ = {isa = PBXBuildFile; fileRef = 8D2A5BE329D0D7B60084FDCB /* Alarmer_TestApp.swift */; };
		8D2A5BE629D0D7B60084FDCB /* ContentView.swift in Sources */ = {isa = PBXBuildFile; fileRef = 8D2A5BE529D0D7B60084FDCB /* ContentView.swift */; };
		8D2A5BE829D0D7B80084FDCB /* Assets.xcassets in Resources */ = {isa = PBXBuildFile; fileRef = 8D2A5BE729D0D7B80084FDCB /* Assets.xcassets */; };
		8D2A5BEB29D0D7B80084FDCB /* Preview Assets.xcassets in Resources */ = {isa = PBXBuildFile; fileRef = 8D2A5BEA29D0D7B80084FDCB /* Preview Assets.xcassets */; };
		8D2A5BF529D0D8F60084FDCB /* AlarmListView.swift in Sources */ = {isa = PBXBuildFile; fileRef = 8D2A5BF429D0D8F60084FDCB /* AlarmListView.swift */; };
		8D2A5BF729D0D9B70084FDCB /* AlarmDetailView.swift in Sources */ = {isa = PBXBuildFile; fileRef = 8D2A5BF629D0D9B70084FDCB /* AlarmDetailView.swift */; };
		C21CF24356B11C6233CFA4C8 /* Pods_Alarmer_Test.framework in Frameworks */ = {isa = PBXBuildFile; fileRef = 475FF2ED85FF8B3D193ED777 /* Pods_Alarmer_Test.framework */; };
		ED7C5BD229E60BC10007F3AB /* CodeScanner.swift in Sources */ = {isa = PBXBuildFile; fileRef = ED7C5BD129E60BC10007F3AB /* CodeScanner.swift */; };
		ED7C5BD429E60BEF0007F3AB /* ScannerViewController.swift in Sources */ = {isa = PBXBuildFile; fileRef = ED7C5BD329E60BEF0007F3AB /* ScannerViewController.swift */; };
/* End PBXBuildFile section */

/* Begin PBXFileReference section */
		39151A0C2A084315000114C8 /* AlarmModel.swift */ = {isa = PBXFileReference; lastKnownFileType = sourcecode.swift; path = AlarmModel.swift; sourceTree = "<group>"; };
		394960E22A09B1BA00925C2C /* Alarm sound effect.mp3 */ = {isa = PBXFileReference; lastKnownFileType = audio.mp3; name = "Alarm sound effect.mp3"; path = "../../../Downloads/Alarm sound effect.mp3"; sourceTree = "<group>"; };
		395C169D29F5FBB40093855C /* Image Constants.swift */ = {isa = PBXFileReference; lastKnownFileType = sourcecode.swift; path = "Image Constants.swift"; sourceTree = "<group>"; };
		397C804229F5C41D007439BF /* LocalNotificationManager.swift */ = {isa = PBXFileReference; lastKnownFileType = sourcecode.swift; path = LocalNotificationManager.swift; sourceTree = "<group>"; };
		397C804529F5C442007439BF /* EnableNotifications.swift */ = {isa = PBXFileReference; lastKnownFileType = sourcecode.swift; path = EnableNotifications.swift; sourceTree = "<group>"; };
		397C804729F5C474007439BF /* TerminationNotificationManager.swift */ = {isa = PBXFileReference; lastKnownFileType = sourcecode.swift; path = TerminationNotificationManager.swift; sourceTree = "<group>"; };
		397C804E29F5CFEB007439BF /* Alarm.swift */ = {isa = PBXFileReference; lastKnownFileType = sourcecode.swift; path = Alarm.swift; sourceTree = "<group>"; };
		397C805029F5D018007439BF /* AlarmListViewModel.swift */ = {isa = PBXFileReference; lastKnownFileType = sourcecode.swift; path = AlarmListViewModel.swift; sourceTree = "<group>"; };
		39D5B2BD29FC276B0050F39A /* Sound Constants.swift */ = {isa = PBXFileReference; lastKnownFileType = sourcecode.swift; path = "Sound Constants.swift"; sourceTree = "<group>"; };
		475FF2ED85FF8B3D193ED777 /* Pods_Alarmer_Test.framework */ = {isa = PBXFileReference; explicitFileType = wrapper.framework; includeInIndex = 0; path = Pods_Alarmer_Test.framework; sourceTree = BUILT_PRODUCTS_DIR; };
		5CE228402A0AA09600496BDA /* TwilioManager.swift */ = {isa = PBXFileReference; fileEncoding = 4; lastKnownFileType = sourcecode.swift; path = TwilioManager.swift; sourceTree = "<group>"; };
		5CE228412A0AA09600496BDA /* ContactsListView.swift */ = {isa = PBXFileReference; fileEncoding = 4; lastKnownFileType = sourcecode.swift; path = ContactsListView.swift; sourceTree = "<group>"; };
		5CE228422A0AA09600496BDA /* VerificationTokenManager.swift */ = {isa = PBXFileReference; fileEncoding = 4; lastKnownFileType = sourcecode.swift; path = VerificationTokenManager.swift; sourceTree = "<group>"; };
		5CE228432A0AA09600496BDA /* ContactsManager.swift */ = {isa = PBXFileReference; fileEncoding = 4; lastKnownFileType = sourcecode.swift; path = ContactsManager.swift; sourceTree = "<group>"; };
		8D2A5BE029D0D7B60084FDCB /* Alarmer Test.app */ = {isa = PBXFileReference; explicitFileType = wrapper.application; includeInIndex = 0; path = "Alarmer Test.app"; sourceTree = BUILT_PRODUCTS_DIR; };
		8D2A5BE329D0D7B60084FDCB /* Alarmer_TestApp.swift */ = {isa = PBXFileReference; lastKnownFileType = sourcecode.swift; path = Alarmer_TestApp.swift; sourceTree = "<group>"; };
		8D2A5BE529D0D7B60084FDCB /* ContentView.swift */ = {isa = PBXFileReference; lastKnownFileType = sourcecode.swift; path = ContentView.swift; sourceTree = "<group>"; };
		8D2A5BE729D0D7B80084FDCB /* Assets.xcassets */ = {isa = PBXFileReference; lastKnownFileType = folder.assetcatalog; path = Assets.xcassets; sourceTree = "<group>"; };
		8D2A5BEA29D0D7B80084FDCB /* Preview Assets.xcassets */ = {isa = PBXFileReference; lastKnownFileType = folder.assetcatalog; path = "Preview Assets.xcassets"; sourceTree = "<group>"; };
		8D2A5BF429D0D8F60084FDCB /* AlarmListView.swift */ = {isa = PBXFileReference; lastKnownFileType = sourcecode.swift; path = AlarmListView.swift; sourceTree = "<group>"; };
		8D2A5BF629D0D9B70084FDCB /* AlarmDetailView.swift */ = {isa = PBXFileReference; lastKnownFileType = sourcecode.swift; path = AlarmDetailView.swift; sourceTree = "<group>"; };
		B76890A2C44CCD89C9936897 /* Pods-Alarmer Test.release.xcconfig */ = {isa = PBXFileReference; includeInIndex = 1; lastKnownFileType = text.xcconfig; name = "Pods-Alarmer Test.release.xcconfig"; path = "Target Support Files/Pods-Alarmer Test/Pods-Alarmer Test.release.xcconfig"; sourceTree = "<group>"; };
		E43AEF2850C029C4CE87B353 /* Pods-Alarmer Test.debug.xcconfig */ = {isa = PBXFileReference; includeInIndex = 1; lastKnownFileType = text.xcconfig; name = "Pods-Alarmer Test.debug.xcconfig"; path = "Target Support Files/Pods-Alarmer Test/Pods-Alarmer Test.debug.xcconfig"; sourceTree = "<group>"; };
		ED7C5BD129E60BC10007F3AB /* CodeScanner.swift */ = {isa = PBXFileReference; lastKnownFileType = sourcecode.swift; path = CodeScanner.swift; sourceTree = "<group>"; };
		ED7C5BD329E60BEF0007F3AB /* ScannerViewController.swift */ = {isa = PBXFileReference; lastKnownFileType = sourcecode.swift; path = ScannerViewController.swift; sourceTree = "<group>"; };
/* End PBXFileReference section */

/* Begin PBXFrameworksBuildPhase section */
		8D2A5BDD29D0D7B60084FDCB /* Frameworks */ = {
			isa = PBXFrameworksBuildPhase;
			buildActionMask = 2147483647;
			files = (
				5CE2283F2A0AA00E00496BDA /* Collections in Frameworks */,
				C21CF24356B11C6233CFA4C8 /* Pods_Alarmer_Test.framework in Frameworks */,
			);
			runOnlyForDeploymentPostprocessing = 0;
		};
/* End PBXFrameworksBuildPhase section */

/* Begin PBXGroup section */
		395C169C29F5FBA80093855C /* Constants */ = {
			isa = PBXGroup;
			children = (
				395C169D29F5FBB40093855C /* Image Constants.swift */,
				39D5B2BD29FC276B0050F39A /* Sound Constants.swift */,
			);
			path = Constants;
			sourceTree = "<group>";
		};
		397C804129F5C406007439BF /* Local Notifications */ = {
			isa = PBXGroup;
			children = (
				397C804229F5C41D007439BF /* LocalNotificationManager.swift */,
				397C804729F5C474007439BF /* TerminationNotificationManager.swift */,
			);
			path = "Local Notifications";
			sourceTree = "<group>";
		};
		397C804429F5C430007439BF /* SubViews */ = {
			isa = PBXGroup;
			children = (
				397C804529F5C442007439BF /* EnableNotifications.swift */,
			);
			path = SubViews;
			sourceTree = "<group>";
		};
		397C804929F5CDF4007439BF /* Model */ = {
			isa = PBXGroup;
			children = (
				397C804E29F5CFEB007439BF /* Alarm.swift */,
			);
			path = Model;
			sourceTree = "<group>";
		};
		397C804D29F5CE72007439BF /* ViewModels */ = {
			isa = PBXGroup;
			children = (
				397C805029F5D018007439BF /* AlarmListViewModel.swift */,
				39151A0C2A084315000114C8 /* AlarmModel.swift */,
			);
			path = ViewModels;
			sourceTree = "<group>";
		};
		5D70047A90710E35A7118561 /* Pods */ = {
			isa = PBXGroup;
			children = (
				E43AEF2850C029C4CE87B353 /* Pods-Alarmer Test.debug.xcconfig */,
				B76890A2C44CCD89C9936897 /* Pods-Alarmer Test.release.xcconfig */,
			);
			name = Pods;
			path = Pods;
			sourceTree = "<group>";
		};
		8D2A5BD729D0D7B60084FDCB = {
			isa = PBXGroup;
			children = (
				395C169C29F5FBA80093855C /* Constants */,
				397C804D29F5CE72007439BF /* ViewModels */,
				397C804929F5CDF4007439BF /* Model */,
				397C804129F5C406007439BF /* Local Notifications */,
				8D2A5BF129D0D8AF0084FDCB /* View */,
				8D2A5BE229D0D7B60084FDCB /* Alarmer Test */,
				8D2A5BE129D0D7B60084FDCB /* Products */,
				5D70047A90710E35A7118561 /* Pods */,
				D763A06CF68A66D4FD3E9CE2 /* Frameworks */,
			);
			sourceTree = "<group>";
		};
		8D2A5BE129D0D7B60084FDCB /* Products */ = {
			isa = PBXGroup;
			children = (
				8D2A5BE029D0D7B60084FDCB /* Alarmer Test.app */,
			);
			name = Products;
			sourceTree = "<group>";
		};
		8D2A5BE229D0D7B60084FDCB /* Alarmer Test */ = {
			isa = PBXGroup;
			children = (
				8D2A5BE329D0D7B60084FDCB /* Alarmer_TestApp.swift */,
				8D2A5BE529D0D7B60084FDCB /* ContentView.swift */,
				8D2A5BE729D0D7B80084FDCB /* Assets.xcassets */,
				394960E22A09B1BA00925C2C /* Alarm sound effect.mp3 */,
				8D2A5BE929D0D7B80084FDCB /* Preview Content */,
			);
			path = "Alarmer Test";
			sourceTree = "<group>";
		};
		8D2A5BE929D0D7B80084FDCB /* Preview Content */ = {
			isa = PBXGroup;
			children = (
				8D2A5BEA29D0D7B80084FDCB /* Preview Assets.xcassets */,
			);
			path = "Preview Content";
			sourceTree = "<group>";
		};
		8D2A5BF129D0D8AF0084FDCB /* View */ = {
			isa = PBXGroup;
			children = (
				397C804429F5C430007439BF /* SubViews */,
				8D2A5BF429D0D8F60084FDCB /* AlarmListView.swift */,
				8D2A5BF629D0D9B70084FDCB /* AlarmDetailView.swift */,
				ED7C5BD129E60BC10007F3AB /* CodeScanner.swift */,
				ED7C5BD329E60BEF0007F3AB /* ScannerViewController.swift */,
				5CE228412A0AA09600496BDA /* ContactsListView.swift */,
				5CE228432A0AA09600496BDA /* ContactsManager.swift */,
				5CE228402A0AA09600496BDA /* TwilioManager.swift */,
				5CE228422A0AA09600496BDA /* VerificationTokenManager.swift */,
			);
			path = View;
			sourceTree = "<group>";
		};
		D763A06CF68A66D4FD3E9CE2 /* Frameworks */ = {
			isa = PBXGroup;
			children = (
				475FF2ED85FF8B3D193ED777 /* Pods_Alarmer_Test.framework */,
			);
			name = Frameworks;
			sourceTree = "<group>";
		};
/* End PBXGroup section */

/* Begin PBXNativeTarget section */
		8D2A5BDF29D0D7B60084FDCB /* Alarmer Test */ = {
			isa = PBXNativeTarget;
			buildConfigurationList = 8D2A5BEE29D0D7B80084FDCB /* Build configuration list for PBXNativeTarget "Alarmer Test" */;
			buildPhases = (
				227EAC61DC5F8FC5B494E26D /* [CP] Check Pods Manifest.lock */,
				8D2A5BDC29D0D7B60084FDCB /* Sources */,
				8D2A5BDD29D0D7B60084FDCB /* Frameworks */,
				8D2A5BDE29D0D7B60084FDCB /* Resources */,
				31BA0807940FF4ECEE420B58 /* [CP] Embed Pods Frameworks */,
			);
			buildRules = (
			);
			dependencies = (
			);
			name = "Alarmer Test";
			packageProductDependencies = (
				39EFADD129E7712700D09081 /* Collections */,
			);
			productName = "Alarmer Test";
			productReference = 8D2A5BE029D0D7B60084FDCB /* Alarmer Test.app */;
			productType = "com.apple.product-type.application";
		};
/* End PBXNativeTarget section */

/* Begin PBXProject section */
		8D2A5BD829D0D7B60084FDCB /* Project object */ = {
			isa = PBXProject;
			attributes = {
				BuildIndependentTargetsInParallel = 1;
				LastSwiftUpdateCheck = 1420;
				LastUpgradeCheck = 1420;
				TargetAttributes = {
					8D2A5BDF29D0D7B60084FDCB = {
						CreatedOnToolsVersion = 14.2;
					};
				};
			};
			buildConfigurationList = 8D2A5BDB29D0D7B60084FDCB /* Build configuration list for PBXProject "Alarmer Test" */;
			compatibilityVersion = "Xcode 14.0";
			developmentRegion = en;
			hasScannedForEncodings = 0;
			knownRegions = (
				en,
				Base,
			);
			mainGroup = 8D2A5BD729D0D7B60084FDCB;
			packageReferences = (
				39EFADD029E7712700D09081 /* XCRemoteSwiftPackageReference "swift-collections.git" */,
			);
			productRefGroup = 8D2A5BE129D0D7B60084FDCB /* Products */;
			projectDirPath = "";
			projectRoot = "";
			targets = (
				8D2A5BDF29D0D7B60084FDCB /* Alarmer Test */,
			);
		};
/* End PBXProject section */

/* Begin PBXResourcesBuildPhase section */
		8D2A5BDE29D0D7B60084FDCB /* Resources */ = {
			isa = PBXResourcesBuildPhase;
			buildActionMask = 2147483647;
			files = (
				8D2A5BEB29D0D7B80084FDCB /* Preview Assets.xcassets in Resources */,
				8D2A5BE829D0D7B80084FDCB /* Assets.xcassets in Resources */,
				394960E32A09B1BA00925C2C /* Alarm sound effect.mp3 in Resources */,
			);
			runOnlyForDeploymentPostprocessing = 0;
		};
/* End PBXResourcesBuildPhase section */

/* Begin PBXShellScriptBuildPhase section */
		227EAC61DC5F8FC5B494E26D /* [CP] Check Pods Manifest.lock */ = {
			isa = PBXShellScriptBuildPhase;
			buildActionMask = 2147483647;
			files = (
			);
			inputFileListPaths = (
			);
			inputPaths = (
				"${PODS_PODFILE_DIR_PATH}/Podfile.lock",
				"${PODS_ROOT}/Manifest.lock",
			);
			name = "[CP] Check Pods Manifest.lock";
			outputFileListPaths = (
			);
			outputPaths = (
				"$(DERIVED_FILE_DIR)/Pods-Alarmer Test-checkManifestLockResult.txt",
			);
			runOnlyForDeploymentPostprocessing = 0;
			shellPath = /bin/sh;
			shellScript = "diff \"${PODS_PODFILE_DIR_PATH}/Podfile.lock\" \"${PODS_ROOT}/Manifest.lock\" > /dev/null\nif [ $? != 0 ] ; then\n    # print error to STDERR\n    echo \"error: The sandbox is not in sync with the Podfile.lock. Run 'pod install' or update your CocoaPods installation.\" >&2\n    exit 1\nfi\n# This output is used by Xcode 'outputs' to avoid re-running this script phase.\necho \"SUCCESS\" > \"${SCRIPT_OUTPUT_FILE_0}\"\n";
			showEnvVarsInLog = 0;
		};
		31BA0807940FF4ECEE420B58 /* [CP] Embed Pods Frameworks */ = {
			isa = PBXShellScriptBuildPhase;
			buildActionMask = 2147483647;
			files = (
			);
			inputFileListPaths = (
				"${PODS_ROOT}/Target Support Files/Pods-Alarmer Test/Pods-Alarmer Test-frameworks-${CONFIGURATION}-input-files.xcfilelist",
			);
			name = "[CP] Embed Pods Frameworks";
			outputFileListPaths = (
				"${PODS_ROOT}/Target Support Files/Pods-Alarmer Test/Pods-Alarmer Test-frameworks-${CONFIGURATION}-output-files.xcfilelist",
			);
			runOnlyForDeploymentPostprocessing = 0;
			shellPath = /bin/sh;
			shellScript = "\"${PODS_ROOT}/Target Support Files/Pods-Alarmer Test/Pods-Alarmer Test-frameworks.sh\"\n";
			showEnvVarsInLog = 0;
		};
/* End PBXShellScriptBuildPhase section */

/* Begin PBXSourcesBuildPhase section */
		8D2A5BDC29D0D7B60084FDCB /* Sources */ = {
			isa = PBXSourcesBuildPhase;
			buildActionMask = 2147483647;
			files = (
				ED7C5BD229E60BC10007F3AB /* CodeScanner.swift in Sources */,
				ED7C5BD429E60BEF0007F3AB /* ScannerViewController.swift in Sources */,
				5CE228462A0AA09600496BDA /* VerificationTokenManager.swift in Sources */,
				8D2A5BE629D0D7B60084FDCB /* ContentView.swift in Sources */,
				5CE228442A0AA09600496BDA /* TwilioManager.swift in Sources */,
				8D2A5BE429D0D7B60084FDCB /* Alarmer_TestApp.swift in Sources */,
				397C804829F5C474007439BF /* TerminationNotificationManager.swift in Sources */,
				397C804F29F5CFEB007439BF /* Alarm.swift in Sources */,
				5CE228452A0AA09600496BDA /* ContactsListView.swift in Sources */,
				395C169E29F5FBB40093855C /* Image Constants.swift in Sources */,
				5CE228472A0AA09600496BDA /* ContactsManager.swift in Sources */,
				39151A0D2A084315000114C8 /* AlarmModel.swift in Sources */,
				397C804329F5C41D007439BF /* LocalNotificationManager.swift in Sources */,
				8D2A5BF529D0D8F60084FDCB /* AlarmListView.swift in Sources */,
				8D2A5BF729D0D9B70084FDCB /* AlarmDetailView.swift in Sources */,
				397C805129F5D018007439BF /* AlarmListViewModel.swift in Sources */,
				397C804629F5C442007439BF /* EnableNotifications.swift in Sources */,
				39D5B2BE29FC276B0050F39A /* Sound Constants.swift in Sources */,
			);
			runOnlyForDeploymentPostprocessing = 0;
		};
/* End PBXSourcesBuildPhase section */

/* Begin XCBuildConfiguration section */
		8D2A5BEC29D0D7B80084FDCB /* Debug */ = {
			isa = XCBuildConfiguration;
			buildSettings = {
				ALWAYS_SEARCH_USER_PATHS = NO;
				CLANG_ANALYZER_NONNULL = YES;
				CLANG_ANALYZER_NUMBER_OBJECT_CONVERSION = YES_AGGRESSIVE;
				CLANG_CXX_LANGUAGE_STANDARD = "gnu++20";
				CLANG_ENABLE_MODULES = YES;
				CLANG_ENABLE_OBJC_ARC = YES;
				CLANG_ENABLE_OBJC_WEAK = YES;
				CLANG_WARN_BLOCK_CAPTURE_AUTORELEASING = YES;
				CLANG_WARN_BOOL_CONVERSION = YES;
				CLANG_WARN_COMMA = YES;
				CLANG_WARN_CONSTANT_CONVERSION = YES;
				CLANG_WARN_DEPRECATED_OBJC_IMPLEMENTATIONS = YES;
				CLANG_WARN_DIRECT_OBJC_ISA_USAGE = YES_ERROR;
				CLANG_WARN_DOCUMENTATION_COMMENTS = YES;
				CLANG_WARN_EMPTY_BODY = YES;
				CLANG_WARN_ENUM_CONVERSION = YES;
				CLANG_WARN_INFINITE_RECURSION = YES;
				CLANG_WARN_INT_CONVERSION = YES;
				CLANG_WARN_NON_LITERAL_NULL_CONVERSION = YES;
				CLANG_WARN_OBJC_IMPLICIT_RETAIN_SELF = YES;
				CLANG_WARN_OBJC_LITERAL_CONVERSION = YES;
				CLANG_WARN_OBJC_ROOT_CLASS = YES_ERROR;
				CLANG_WARN_QUOTED_INCLUDE_IN_FRAMEWORK_HEADER = YES;
				CLANG_WARN_RANGE_LOOP_ANALYSIS = YES;
				CLANG_WARN_STRICT_PROTOTYPES = YES;
				CLANG_WARN_SUSPICIOUS_MOVE = YES;
				CLANG_WARN_UNGUARDED_AVAILABILITY = YES_AGGRESSIVE;
				CLANG_WARN_UNREACHABLE_CODE = YES;
				CLANG_WARN__DUPLICATE_METHOD_MATCH = YES;
				COPY_PHASE_STRIP = NO;
				DEBUG_INFORMATION_FORMAT = dwarf;
				ENABLE_STRICT_OBJC_MSGSEND = YES;
				ENABLE_TESTABILITY = YES;
				GCC_C_LANGUAGE_STANDARD = gnu11;
				GCC_DYNAMIC_NO_PIC = NO;
				GCC_NO_COMMON_BLOCKS = YES;
				GCC_OPTIMIZATION_LEVEL = 0;
				GCC_PREPROCESSOR_DEFINITIONS = (
					"DEBUG=1",
					"$(inherited)",
				);
				GCC_WARN_64_TO_32_BIT_CONVERSION = YES;
				GCC_WARN_ABOUT_RETURN_TYPE = YES_ERROR;
				GCC_WARN_UNDECLARED_SELECTOR = YES;
				GCC_WARN_UNINITIALIZED_AUTOS = YES_AGGRESSIVE;
				GCC_WARN_UNUSED_FUNCTION = YES;
				GCC_WARN_UNUSED_VARIABLE = YES;
				IPHONEOS_DEPLOYMENT_TARGET = 16.2;
				MTL_ENABLE_DEBUG_INFO = INCLUDE_SOURCE;
				MTL_FAST_MATH = YES;
				ONLY_ACTIVE_ARCH = YES;
				SDKROOT = iphoneos;
				SWIFT_ACTIVE_COMPILATION_CONDITIONS = DEBUG;
				SWIFT_OPTIMIZATION_LEVEL = "-Onone";
			};
			name = Debug;
		};
		8D2A5BED29D0D7B80084FDCB /* Release */ = {
			isa = XCBuildConfiguration;
			buildSettings = {
				ALWAYS_SEARCH_USER_PATHS = NO;
				CLANG_ANALYZER_NONNULL = YES;
				CLANG_ANALYZER_NUMBER_OBJECT_CONVERSION = YES_AGGRESSIVE;
				CLANG_CXX_LANGUAGE_STANDARD = "gnu++20";
				CLANG_ENABLE_MODULES = YES;
				CLANG_ENABLE_OBJC_ARC = YES;
				CLANG_ENABLE_OBJC_WEAK = YES;
				CLANG_WARN_BLOCK_CAPTURE_AUTORELEASING = YES;
				CLANG_WARN_BOOL_CONVERSION = YES;
				CLANG_WARN_COMMA = YES;
				CLANG_WARN_CONSTANT_CONVERSION = YES;
				CLANG_WARN_DEPRECATED_OBJC_IMPLEMENTATIONS = YES;
				CLANG_WARN_DIRECT_OBJC_ISA_USAGE = YES_ERROR;
				CLANG_WARN_DOCUMENTATION_COMMENTS = YES;
				CLANG_WARN_EMPTY_BODY = YES;
				CLANG_WARN_ENUM_CONVERSION = YES;
				CLANG_WARN_INFINITE_RECURSION = YES;
				CLANG_WARN_INT_CONVERSION = YES;
				CLANG_WARN_NON_LITERAL_NULL_CONVERSION = YES;
				CLANG_WARN_OBJC_IMPLICIT_RETAIN_SELF = YES;
				CLANG_WARN_OBJC_LITERAL_CONVERSION = YES;
				CLANG_WARN_OBJC_ROOT_CLASS = YES_ERROR;
				CLANG_WARN_QUOTED_INCLUDE_IN_FRAMEWORK_HEADER = YES;
				CLANG_WARN_RANGE_LOOP_ANALYSIS = YES;
				CLANG_WARN_STRICT_PROTOTYPES = YES;
				CLANG_WARN_SUSPICIOUS_MOVE = YES;
				CLANG_WARN_UNGUARDED_AVAILABILITY = YES_AGGRESSIVE;
				CLANG_WARN_UNREACHABLE_CODE = YES;
				CLANG_WARN__DUPLICATE_METHOD_MATCH = YES;
				COPY_PHASE_STRIP = NO;
				DEBUG_INFORMATION_FORMAT = "dwarf-with-dsym";
				ENABLE_NS_ASSERTIONS = NO;
				ENABLE_STRICT_OBJC_MSGSEND = YES;
				GCC_C_LANGUAGE_STANDARD = gnu11;
				GCC_NO_COMMON_BLOCKS = YES;
				GCC_WARN_64_TO_32_BIT_CONVERSION = YES;
				GCC_WARN_ABOUT_RETURN_TYPE = YES_ERROR;
				GCC_WARN_UNDECLARED_SELECTOR = YES;
				GCC_WARN_UNINITIALIZED_AUTOS = YES_AGGRESSIVE;
				GCC_WARN_UNUSED_FUNCTION = YES;
				GCC_WARN_UNUSED_VARIABLE = YES;
				IPHONEOS_DEPLOYMENT_TARGET = 16.2;
				MTL_ENABLE_DEBUG_INFO = NO;
				MTL_FAST_MATH = YES;
				SDKROOT = iphoneos;
				SWIFT_COMPILATION_MODE = wholemodule;
				SWIFT_OPTIMIZATION_LEVEL = "-O";
				VALIDATE_PRODUCT = YES;
			};
			name = Release;
		};
		8D2A5BEF29D0D7B80084FDCB /* Debug */ = {
			isa = XCBuildConfiguration;
			baseConfigurationReference = E43AEF2850C029C4CE87B353 /* Pods-Alarmer Test.debug.xcconfig */;
			buildSettings = {
				ASSETCATALOG_COMPILER_APPICON_NAME = AppIcon;
				ASSETCATALOG_COMPILER_GLOBAL_ACCENT_COLOR_NAME = AccentColor;
				CODE_SIGN_STYLE = Automatic;
				CURRENT_PROJECT_VERSION = 1;
				DEVELOPMENT_ASSET_PATHS = "\"Alarmer Test/Preview Content\"";
				DEVELOPMENT_TEAM = G2C2L6A2CR;
				ENABLE_PREVIEWS = YES;
				GENERATE_INFOPLIST_FILE = YES;
				INFOPLIST_FILE = "Alarmer-Test-Info.plist";
				INFOPLIST_KEY_CFBundleDisplayName = "";
				INFOPLIST_KEY_LSApplicationCategoryType = "";
				INFOPLIST_KEY_NSCameraUsageDescription = "";
				INFOPLIST_KEY_UIApplicationSceneManifest_Generation = YES;
				INFOPLIST_KEY_UIApplicationSupportsIndirectInputEvents = YES;
				INFOPLIST_KEY_UILaunchScreen_Generation = YES;
				INFOPLIST_KEY_UISupportedInterfaceOrientations_iPad = "UIInterfaceOrientationPortrait UIInterfaceOrientationPortraitUpsideDown UIInterfaceOrientationLandscapeLeft UIInterfaceOrientationLandscapeRight";
				INFOPLIST_KEY_UISupportedInterfaceOrientations_iPhone = "UIInterfaceOrientationPortrait UIInterfaceOrientationLandscapeLeft UIInterfaceOrientationLandscapeRight";
				IPHONEOS_DEPLOYMENT_TARGET = 15.5;
				LD_RUNPATH_SEARCH_PATHS = (
					"$(inherited)",
					"@executable_path/Frameworks",
				);
				MARKETING_VERSION = 1.0;
				PRODUCT_BUNDLE_IDENTIFIER = ChrisKong.Alarmer;
				PRODUCT_NAME = "$(TARGET_NAME)";
				SWIFT_EMIT_LOC_STRINGS = YES;
				SWIFT_VERSION = 5.0;
				TARGETED_DEVICE_FAMILY = "1,2";
			};
			name = Debug;
		};
		8D2A5BF029D0D7B80084FDCB /* Release */ = {
			isa = XCBuildConfiguration;
			baseConfigurationReference = B76890A2C44CCD89C9936897 /* Pods-Alarmer Test.release.xcconfig */;
			buildSettings = {
				ASSETCATALOG_COMPILER_APPICON_NAME = AppIcon;
				ASSETCATALOG_COMPILER_GLOBAL_ACCENT_COLOR_NAME = AccentColor;
				CODE_SIGN_STYLE = Automatic;
				CURRENT_PROJECT_VERSION = 1;
				DEVELOPMENT_ASSET_PATHS = "\"Alarmer Test/Preview Content\"";
				DEVELOPMENT_TEAM = G2C2L6A2CR;
				ENABLE_PREVIEWS = YES;
				GENERATE_INFOPLIST_FILE = YES;
				INFOPLIST_FILE = "Alarmer-Test-Info.plist";
				INFOPLIST_KEY_CFBundleDisplayName = "";
				INFOPLIST_KEY_LSApplicationCategoryType = "";
				INFOPLIST_KEY_NSCameraUsageDescription = "";
				INFOPLIST_KEY_UIApplicationSceneManifest_Generation = YES;
				INFOPLIST_KEY_UIApplicationSupportsIndirectInputEvents = YES;
				INFOPLIST_KEY_UILaunchScreen_Generation = YES;
				INFOPLIST_KEY_UISupportedInterfaceOrientations_iPad = "UIInterfaceOrientationPortrait UIInterfaceOrientationPortraitUpsideDown UIInterfaceOrientationLandscapeLeft UIInterfaceOrientationLandscapeRight";
				INFOPLIST_KEY_UISupportedInterfaceOrientations_iPhone = "UIInterfaceOrientationPortrait UIInterfaceOrientationLandscapeLeft UIInterfaceOrientationLandscapeRight";
				IPHONEOS_DEPLOYMENT_TARGET = 15.5;
				LD_RUNPATH_SEARCH_PATHS = (
					"$(inherited)",
					"@executable_path/Frameworks",
				);
				MARKETING_VERSION = 1.0;
				PRODUCT_BUNDLE_IDENTIFIER = ChrisKong.Alarmer;
				PRODUCT_NAME = "$(TARGET_NAME)";
				SWIFT_EMIT_LOC_STRINGS = YES;
				SWIFT_VERSION = 5.0;
				TARGETED_DEVICE_FAMILY = "1,2";
			};
			name = Release;
		};
/* End XCBuildConfiguration section */

/* Begin XCConfigurationList section */
		8D2A5BDB29D0D7B60084FDCB /* Build configuration list for PBXProject "Alarmer Test" */ = {
			isa = XCConfigurationList;
			buildConfigurations = (
				8D2A5BEC29D0D7B80084FDCB /* Debug */,
				8D2A5BED29D0D7B80084FDCB /* Release */,
			);
			defaultConfigurationIsVisible = 0;
			defaultConfigurationName = Release;
		};
		8D2A5BEE29D0D7B80084FDCB /* Build configuration list for PBXNativeTarget "Alarmer Test" */ = {
			isa = XCConfigurationList;
			buildConfigurations = (
				8D2A5BEF29D0D7B80084FDCB /* Debug */,
				8D2A5BF029D0D7B80084FDCB /* Release */,
			);
			defaultConfigurationIsVisible = 0;
			defaultConfigurationName = Release;
		};
/* End XCConfigurationList section */

/* Begin XCRemoteSwiftPackageReference section */
		39EFADD029E7712700D09081 /* XCRemoteSwiftPackageReference "swift-collections.git" */ = {
			isa = XCRemoteSwiftPackageReference;
			repositoryURL = "https://github.com/apple/swift-collections.git";
			requirement = {
				kind = upToNextMajorVersion;
				minimumVersion = 1.0.0;
			};
		};
/* End XCRemoteSwiftPackageReference section */

/* Begin XCSwiftPackageProductDependency section */
		39EFADD129E7712700D09081 /* Collections */ = {
			isa = XCSwiftPackageProductDependency;
			package = 39EFADD029E7712700D09081 /* XCRemoteSwiftPackageReference "swift-collections.git" */;
			productName = Collections;
		};
/* End XCSwiftPackageProductDependency section */
	};
	rootObject = 8D2A5BD829D0D7B60084FDCB /* Project object */;
}
